
Microsoft Visual Studio Solution File, Format Version 12.00
# Visual Studio Version 17
VisualStudioVersion = 17.10.34928.147
MinimumVisualStudioVersion = 10.0.40219.1
Project("{FAE04EC0-301F-11D3-BF4B-00C04F79EFBC}") = "Laboratorio 1 parte 1", "Laboratorio 1 parte 1.csproj", "{2F11B7C3-B6ED-49D2-A49C-A2B6CE9E2C0A}"
EndProject
Global
	GlobalSection(SolutionConfigurationPlatforms) = preSolution
		Debug|Any CPU = Debug|Any CPU
		Release|Any CPU = Release|Any CPU
	EndGlobalSection
	GlobalSection(ProjectConfigurationPlatforms) = postSolution
		{2F11B7C3-B6ED-49D2-A49C-A2B6CE9E2C0A}.Debug|Any CPU.ActiveCfg = Debug|Any CPU
		{2F11B7C3-B6ED-49D2-A49C-A2B6CE9E2C0A}.Debug|Any CPU.Build.0 = Debug|Any CPU
		{2F11B7C3-B6ED-49D2-A49C-A2B6CE9E2C0A}.Release|Any CPU.ActiveCfg = Release|Any CPU
		{2F11B7C3-B6ED-49D2-A49C-A2B6CE9E2C0A}.Release|Any CPU.Build.0 = Release|Any CPU
	EndGlobalSection
	GlobalSection(SolutionProperties) = preSolution
		HideSolutionNode = FALSE
	EndGlobalSection
	GlobalSection(ExtensibilityGlobals) = postSolution
		SolutionGuid = {58E7FAEC-6D98-4548-91BA-E0A6A099BBB6}
	EndGlobalSection
EndGlobal
